
Microsoft Visual Studio Solution File, Format Version 12.00
# Visual Studio 15
VisualStudioVersion = 15.0.26124.0
MinimumVisualStudioVersion = 15.0.26124.0
Project("{2150E333-8FDC-42A3-9474-1A3956D46DE8}") = "src", "src", "{FC7F01F8-A085-458C-AC13-6412DF9F20E5}"
EndProject
Project("{2150E333-8FDC-42A3-9474-1A3956D46DE8}") = "test", "test", "{00FE1D0A-CDF2-4956-9F71-BFEF2FEDE63D}"
EndProject
Project("{FAE04EC0-301F-11D3-BF4B-00C04F79EFBC}") = "netcards.UnitTests", "test\netcards.UnitTests\netcards.UnitTests.csproj", "{3904E179-2B0C-41A0-B969-F2BDF34CE8D5}"
EndProject
Project("{FAE04EC0-301F-11D3-BF4B-00C04F79EFBC}") = "NetCards.Base", "src\NetCards.Base\NetCards.Base.csproj", "{025EB144-BBBA-48D7-9BD3-75B24410E03B}"
EndProject
Global
	GlobalSection(SolutionConfigurationPlatforms) = preSolution
		Debug|Any CPU = Debug|Any CPU
		Debug|x64 = Debug|x64
		Debug|x86 = Debug|x86
		Release|Any CPU = Release|Any CPU
		Release|x64 = Release|x64
		Release|x86 = Release|x86
	EndGlobalSection
	GlobalSection(SolutionProperties) = preSolution
		HideSolutionNode = FALSE
	EndGlobalSection
	GlobalSection(ProjectConfigurationPlatforms) = postSolution
		{3904E179-2B0C-41A0-B969-F2BDF34CE8D5}.Debug|Any CPU.ActiveCfg = Debug|Any CPU
		{3904E179-2B0C-41A0-B969-F2BDF34CE8D5}.Debug|Any CPU.Build.0 = Debug|Any CPU
		{3904E179-2B0C-41A0-B969-F2BDF34CE8D5}.Debug|x64.ActiveCfg = Debug|Any CPU
		{3904E179-2B0C-41A0-B969-F2BDF34CE8D5}.Debug|x64.Build.0 = Debug|Any CPU
		{3904E179-2B0C-41A0-B969-F2BDF34CE8D5}.Debug|x86.ActiveCfg = Debug|Any CPU
		{3904E179-2B0C-41A0-B969-F2BDF34CE8D5}.Debug|x86.Build.0 = Debug|Any CPU
		{3904E179-2B0C-41A0-B969-F2BDF34CE8D5}.Release|Any CPU.ActiveCfg = Release|Any CPU
		{3904E179-2B0C-41A0-B969-F2BDF34CE8D5}.Release|Any CPU.Build.0 = Release|Any CPU
		{3904E179-2B0C-41A0-B969-F2BDF34CE8D5}.Release|x64.ActiveCfg = Release|Any CPU
		{3904E179-2B0C-41A0-B969-F2BDF34CE8D5}.Release|x64.Build.0 = Release|Any CPU
		{3904E179-2B0C-41A0-B969-F2BDF34CE8D5}.Release|x86.ActiveCfg = Release|Any CPU
		{3904E179-2B0C-41A0-B969-F2BDF34CE8D5}.Release|x86.Build.0 = Release|Any CPU
		{025EB144-BBBA-48D7-9BD3-75B24410E03B}.Debug|Any CPU.ActiveCfg = Debug|Any CPU
		{025EB144-BBBA-48D7-9BD3-75B24410E03B}.Debug|Any CPU.Build.0 = Debug|Any CPU
		{025EB144-BBBA-48D7-9BD3-75B24410E03B}.Debug|x64.ActiveCfg = Debug|Any CPU
		{025EB144-BBBA-48D7-9BD3-75B24410E03B}.Debug|x64.Build.0 = Debug|Any CPU
		{025EB144-BBBA-48D7-9BD3-75B24410E03B}.Debug|x86.ActiveCfg = Debug|Any CPU
		{025EB144-BBBA-48D7-9BD3-75B24410E03B}.Debug|x86.Build.0 = Debug|Any CPU
		{025EB144-BBBA-48D7-9BD3-75B24410E03B}.Release|Any CPU.ActiveCfg = Release|Any CPU
		{025EB144-BBBA-48D7-9BD3-75B24410E03B}.Release|Any CPU.Build.0 = Release|Any CPU
		{025EB144-BBBA-48D7-9BD3-75B24410E03B}.Release|x64.ActiveCfg = Release|Any CPU
		{025EB144-BBBA-48D7-9BD3-75B24410E03B}.Release|x64.Build.0 = Release|Any CPU
		{025EB144-BBBA-48D7-9BD3-75B24410E03B}.Release|x86.ActiveCfg = Release|Any CPU
		{025EB144-BBBA-48D7-9BD3-75B24410E03B}.Release|x86.Build.0 = Release|Any CPU
	EndGlobalSection
	GlobalSection(NestedProjects) = preSolution
		{3904E179-2B0C-41A0-B969-F2BDF34CE8D5} = {00FE1D0A-CDF2-4956-9F71-BFEF2FEDE63D}
		{025EB144-BBBA-48D7-9BD3-75B24410E03B} = {FC7F01F8-A085-458C-AC13-6412DF9F20E5}
	EndGlobalSection
EndGlobal
